
Microsoft Visual Studio Solution File, Format Version 12.00
# Visual Studio Version 16
VisualStudioVersion = 16.0.30621.155
MinimumVisualStudioVersion = 10.0.40219.1
Project("{FAE04EC0-301F-11D3-BF4B-00C04F79EFBC}") = "LINQ Basics", "LINQ Basics\LINQ Basics.csproj", "{90B3AB85-D5DE-4E51-8B5F-4B2B32583A08}"
EndProject
Global
	GlobalSection(SolutionConfigurationPlatforms) = preSolution
		Debug|Any CPU = Debug|Any CPU
		Release|Any CPU = Release|Any CPU
	EndGlobalSection
	GlobalSection(ProjectConfigurationPlatforms) = postSolution
		{90B3AB85-D5DE-4E51-8B5F-4B2B32583A08}.Debug|Any CPU.ActiveCfg = Debug|Any CPU
		{90B3AB85-D5DE-4E51-8B5F-4B2B32583A08}.Debug|Any CPU.Build.0 = Debug|Any CPU
		{90B3AB85-D5DE-4E51-8B5F-4B2B32583A08}.Release|Any CPU.ActiveCfg = Release|Any CPU
		{90B3AB85-D5DE-4E51-8B5F-4B2B32583A08}.Release|Any CPU.Build.0 = Release|Any CPU
	EndGlobalSection
	GlobalSection(SolutionProperties) = preSolution
		HideSolutionNode = FALSE
	EndGlobalSection
	GlobalSection(ExtensibilityGlobals) = postSolution
		SolutionGuid = {019E6FC8-BF2F-459A-972D-6643346F02DB}
	EndGlobalSection
EndGlobal
